
Microsoft Visual Studio Solution File, Format Version 12.00
# Visual Studio 15
VisualStudioVersion = 15.0.28307.539
MinimumVisualStudioVersion = 10.0.40219.1
Project("{FAE04EC0-301F-11D3-BF4B-00C04F79EFBC}") = "WindowsFormsApp1", "WindowsFormsApp1\WindowsFormsApp1.csproj", "{C8257701-316D-4087-ACC0-80FA9DA0E4D8}"
EndProject
Global
	GlobalSection(SolutionConfigurationPlatforms) = preSolution
		Debug|Any CPU = Debug|Any CPU
		Release|Any CPU = Release|Any CPU
	EndGlobalSection
	GlobalSection(ProjectConfigurationPlatforms) = postSolution
		{C8257701-316D-4087-ACC0-80FA9DA0E4D8}.Debug|Any CPU.ActiveCfg = Debug|Any CPU
		{C8257701-316D-4087-ACC0-80FA9DA0E4D8}.Debug|Any CPU.Build.0 = Debug|Any CPU
		{C8257701-316D-4087-ACC0-80FA9DA0E4D8}.Release|Any CPU.ActiveCfg = Release|Any CPU
		{C8257701-316D-4087-ACC0-80FA9DA0E4D8}.Release|Any CPU.Build.0 = Release|Any CPU
	EndGlobalSection
	GlobalSection(SolutionProperties) = preSolution
		HideSolutionNode = FALSE
	EndGlobalSection
	GlobalSection(ExtensibilityGlobals) = postSolution
		SolutionGuid = {6AFE1937-0F80-4975-ADF0-99E33A943503}
	EndGlobalSection
EndGlobal
